{
  "name": "acme-web",
  "version": "1.0.0",
  "lockfileVersion": 3,
  "requires": true,
  "packages": {
    "": {
      "name": "acme-web",
      "version": "1.0.0",
      "dependencies": {
        "react": "*",
        "react-dom": "*",
        "lodash": "*",
        "express": "*",
        "semver": "*",
        "legacy-widget": "*",
        "fast-uuid-lite": "*",
        "quickparse": "*"
      }
    },
    "node_modules/react": {
      "version": "18.2.0",
      "resolved": "https://registry.npmjs.org/react/-/react-18.2.0.tgz",
      "integrity": "sha512-eemt7WyP4lp5p56A5e8Te6hpPeeAcZLyKxqn7Q9XbG1N8f90duI8MAVdbJZrtLZ89Q8Ro8yv0+rHeWHYZIWngQ=="
    },
    "node_modules/react-dom": {
      "version": "18.2.0",
      "resolved": "https://registry.npmjs.org/react-dom/-/react-dom-18.2.0.tgz",
      "integrity": "sha512-2JdTLMBPPGbvWv5T5ugimhp0b1RXeRTeSZOj195w7dlfVVrIinTtFC2s10Pt2zZRpEQvCcuuDwMYDEA0Bnys9Q=="
    },
    "node_modules/scheduler": {
      "version": "0.23.0",
      "resolved": "https://registry.npmjs.org/scheduler/-/scheduler-0.23.0.tgz",
      "integrity": "sha512-FnP1OG4BU/qIuF/hpfsK2d1904D7j+CGuXaEbiMkzcrfASWZNTX6pbIycGUttjvJM34qVZVnft2obJGlGYDaVQ=="
    },
    "node_modules/lodash": {
      "version": "4.17.20",
      "resolved": "https://registry.npmjs.org/lodash/-/lodash-4.17.20.tgz",
      "integrity": "sha512-mEHiKnbXoWhkRdJlfhN69FQJmp4GI5RxL9oANoXYxB1sBkplZVkN60IcNuy+kP2I/bPBxJL6jNmwJn9AAK63ig=="
    },
    "node_modules/express": {
      "version": "4.18.2",
      "resolved": "https://registry.npmjs.org/express/-/express-4.18.2.tgz",
      "integrity": "sha512-BETSeBhc75eQie6auXgLUg3O7qEBPKTelWPeSZ1wyYuHLI2e5t9/4QYZlIa7jttOoWylKQPJ1YUDJE7ak2/xtw=="
    },
    "node_modules/body-parser": {
      "version": "1.20.1",
      "resolved": "https://registry.npmjs.org/body-parser/-/body-parser-1.20.1.tgz",
      "integrity": "sha512-a7MTtGTIajCEkxLAoEYFiqMuzff3JVLFtLRkDRYqZ0po8VxzHlNwtXWEhMhTHy0+uw/FsH/LbKRs1nU+tSgc9g=="
    },
    "node_modules/semver": {
      "version": "7.6.0",
      "resolved": "https://registry.npmjs.org/semver/-/semver-7.6.0.tgz",
      "integrity": "sha512-nfrvttxqyUwFLqLJ9IRYCPp885wFW/kMaOME2vaXV7HX8zQVWnO6IKug1P+PnNwLELSAqoipTs8PpZET2dtTFw=="
    },
    "node_modules/ms": {
      "version": "2.1.2",
      "resolved": "https://registry.npmjs.org/ms/-/ms-2.1.2.tgz",
      "integrity": "sha512-sPSQ7YPIO+S7u2y1o8yW2rOmB6YPWyWWkVJaUPfj8B23hijaE2d3WPcgokr/zDI1TTMCPARp31tt1ILsYUlQAg=="
    },
    "node_modules/legacy-widget": {
      "version": "2.0.1",
      "resolved": "https://registry.npmjs.org/legacy-widget/-/legacy-widget-2.0.1.tgz",
      "integrity": "sha512-TLxn1FBEMtc+N81F/6zUHurUv5bTFJP3BmKbnkc20Fp3/eiWbDy4Gm6zXiFN8ozrbZ2samPs5CM76yTU6JE2vw=="
    },
    "node_modules/fast-uuid-lite": {
      "version": "3.1.0",
      "resolved": "https://registry.npmjs.org/fast-uuid-lite/-/fast-uuid-lite-3.1.0.tgz",
      "integrity": "sha512-4CWhuNitpxfqCCPG+RQ7IQt9WtEzrFwc+fV78hj4ej3sqH9vXOBwsjuefbpzA56Jz6BW+zKAVSe5U2diuvJq0g=="
    },
    "node_modules/quickparse": {
      "version": "1.4.2",
      "resolved": "https://registry.npmjs.org/quickparse/-/quickparse-1.4.2.tgz",
      "integrity": "sha512-cD5/vEiXm3O/XKWi1IK/toXHQGC7ZdJePrOX4X3M+b9eV5VRRAH7WF8IhSzFDodFExOWEhdxpr7TZGcLfFj4gg=="
    }
  }
}
