{
  "name": "acme-web",
  "version": "1.0.0",
  "lockfileVersion": 3,
  "requires": true,
  "packages": {
    "": {
      "name": "acme-web",
      "version": "1.0.0",
      "dependencies": {
        "react": "*",
        "react-dom": "*",
        "lodash": "*",
        "express": "*",
        "semver": "*",
        "legacy-widget": "*",
        "fast-uuid-lite": "*",
        "quickparse": "*",
        "axios": "*",
        "esbuild": "*",
        "crossenv": "*",
        "my-fork": "*"
      }
    },
    "node_modules/react": {
      "version": "19.0.0",
      "resolved": "https://registry.npmjs.org/react/-/react-19.0.0.tgz",
      "integrity": "sha512-w5rR078SJsYepdbnvr/p7+caRVwVexiCwCuNWNThE6PplQkhQggxu8MIsHoqpPu1Y89Sw0FEH//ZS0IzMzOkgQ=="
    },
    "node_modules/react-dom": {
      "version": "19.0.0",
      "resolved": "https://registry.npmjs.org/react-dom/-/react-dom-19.0.0.tgz",
      "integrity": "sha512-6GEAZp6Gj1XLQmnnpJklPJTLukwnEULsbhSqtVWNiNZpqXnXhIY5L0D0M3RfEaojF9a0dW6tO67uR+kLissjeg=="
    },
    "node_modules/scheduler": {
      "version": "0.25.0",
      "resolved": "https://registry.npmjs.org/scheduler/-/scheduler-0.25.0.tgz",
      "integrity": "sha512-+xQ1x/ETXleGdha32UJG2pLf4y3cS04+LKafdczJnyi79RYK+8gRxpIX1dpsrEpxBhOMY3DgdlA731Ol/q1KEA=="
    },
    "node_modules/lodash": {
      "version": "4.17.21",
      "resolved": "https://registry.npmjs.org/lodash/-/lodash-4.17.21.tgz",
      "integrity": "sha512-fxzPxCwrTent7KYhmQeq0bJWwlz0JeL/i+kQPiTfMp16m0A2Xb0sMtBqoprlMokIPx1b6Wjvam1PKY+foW2HVQ=="
    },
    "node_modules/express": {
      "version": "4.19.2",
      "resolved": "https://registry.npmjs.org/express/-/express-4.19.2.tgz",
      "integrity": "sha512-pK3Mp/RdynyDYm/vwEbzN3s024WaRmmBKhoHa/1MJYfDX39wcj3GhpP+ePsf50bSqMIu+2B3/bRfxCFnXNCW0g=="
    },
    "node_modules/body-parser": {
      "version": "1.20.2",
      "resolved": "https://registry.npmjs.org/body-parser/-/body-parser-1.20.2.tgz",
      "integrity": "sha512-bn92dV+YZ1vemojwBvifMJ5z56QRPmen3GDnSsssieNXvD9vuHhNI6Sv3jIydOSX8yCl+zztU3psJvVOj30sWA=="
    },
    "node_modules/semver": {
      "version": "7.5.4",
      "resolved": "https://registry.npmjs.org/semver/-/semver-7.5.4.tgz",
      "integrity": "sha512-REa+aDDfok18CyCI7SwJWn2Te2cLhpsCL3rUy4bXF2TMYpZe02F1cMJjvgorZdXTyOJ+XGudaJZMFzSiJ4mtGA=="
    },
    "node_modules/legacy-widget": {
      "version": "2.1.0",
      "resolved": "http://packages.internal.example/legacy-widget/-/legacy-widget-2.1.0.tgz",
      "integrity": "sha512-rSlRpDFtiQI8C3ZIQsAdSZi8sgAqK77ErXoyx3DAL+ase4UsRS5xSOdW9Y6KNX2olv5bxHQZFg9ewtzbum2RHQ=="
    },
    "node_modules/fast-uuid-lite": {
      "version": "3.1.0",
      "resolved": "https://registry.npmjs.org/fast-uuid-lite/-/fast-uuid-lite-3.1.0.tgz",
      "integrity": "sha512-Qy1jXFsj/JRnMHw6IAHF/2WSuzN6cmfFEOgWhLXPzq4nYqZFyS6zzResOYpINfmAbQyZ/Vv9RQ8ldUPmfDay4w=="
    },
    "node_modules/quickparse": {
      "version": "1.5.0",
      "resolved": "https://registry.npmjs.org/quickparse/-/quickparse-1.5.0.tgz",
      "integrity": "sha512-QWvaVc2Few22epmG2/hpg+1+X+mX5bxpPO+3gTk++lVpDGy9xVBL8nkMG6fQMj04ZkykMJQamJZUBctGPz009w==",
      "hasInstallScript": true
    },
    "node_modules/axios": {
      "version": "1.7.2",
      "resolved": "https://registry.npmjs.org/axios/-/axios-1.7.2.tgz",
      "integrity": "sha512-NJk24FWaPoIo3dZpENcFTA3QLXyGBw7bhMQhS65yJvS92iLEvofpcKgFAqiCp2Ih3wk9S87DqdN1V1th5ghVEQ=="
    },
    "node_modules/follow-redirects": {
      "version": "1.15.6",
      "resolved": "https://registry.npmjs.org/follow-redirects/-/follow-redirects-1.15.6.tgz",
      "integrity": "sha512-tw23l2yC1J9sF5HNEgkG/stImEWD7XAr/WhWGjkP9/EawlvZDTyqzBjse0gwgoPXIsDpU2aaIs41w1icDCqoWg=="
    },
    "node_modules/form-data": {
      "version": "4.0.0",
      "resolved": "https://registry.npmjs.org/form-data/-/form-data-4.0.0.tgz",
      "integrity": "sha512-2oyHssufm2200Z3jLRL+vKOUF1Ub93BjPLfqkQN6m2QjUeWu6eDk6UWHTy1wCb2VSrK5W/YxpZLDPq45WIF6IA=="
    },
    "node_modules/proxy-from-env": {
      "version": "1.1.0",
      "resolved": "https://registry.npmjs.org/proxy-from-env/-/proxy-from-env-1.1.0.tgz",
      "integrity": "sha512-LZO425+qdPlZnyWcKpJg92f1XqnLpweQwr0eX37PkLvTnECLg9X82xAJTeMta3LnLResxYNEaG1aHCbcUvXnGQ=="
    },
    "node_modules/esbuild": {
      "version": "0.21.5",
      "resolved": "https://registry.npmjs.org/esbuild/-/esbuild-0.21.5.tgz",
      "integrity": "sha512-UNax80gp9bwCruYxMtNng7zzZo5wNgNXYl+1jzkjp3wzfXMTDZoMi1g6if/mC0ZIKby4J40Z4joO/9lHTZOOTQ==",
      "hasInstallScript": true,
      "dev": true
    },
    "node_modules/crossenv": {
      "version": "7.0.3",
      "resolved": "https://registry.npmjs.org/crossenv/-/crossenv-7.0.3.tgz",
      "integrity": "sha512-0Gye665y+hnS+o9jnoCCFUWtcHCS3neCQuNyE1np6RIL6wTz9agG/hSxKlADBoOwW5E7+YnM4KD7NDOkw+fMtg=="
    },
    "node_modules/my-fork": {
      "version": "0.0.1",
      "resolved": "git+ssh://git@github.com/acme/my-fork.git#4f3c2b1a"
    }
  }
}
